
Microsoft Visual Studio Solution File, Format Version 12.00
# Visual Studio Version 16
VisualStudioVersion = 16.0.31613.86
MinimumVisualStudioVersion = 10.0.40219.1
Project("{FAE04EC0-301F-11D3-BF4B-00C04F79EFBC}") = "StringPractice", "StringPractice\StringPractice.csproj", "{6878AF16-38A6-4858-B7DD-C7133566A810}"
EndProject
Global
	GlobalSection(SolutionConfigurationPlatforms) = preSolution
		Debug|Any CPU = Debug|Any CPU
		Release|Any CPU = Release|Any CPU
	EndGlobalSection
	GlobalSection(ProjectConfigurationPlatforms) = postSolution
		{6878AF16-38A6-4858-B7DD-C7133566A810}.Debug|Any CPU.ActiveCfg = Debug|Any CPU
		{6878AF16-38A6-4858-B7DD-C7133566A810}.Debug|Any CPU.Build.0 = Debug|Any CPU
		{6878AF16-38A6-4858-B7DD-C7133566A810}.Release|Any CPU.ActiveCfg = Release|Any CPU
		{6878AF16-38A6-4858-B7DD-C7133566A810}.Release|Any CPU.Build.0 = Release|Any CPU
	EndGlobalSection
	GlobalSection(SolutionProperties) = preSolution
		HideSolutionNode = FALSE
	EndGlobalSection
	GlobalSection(ExtensibilityGlobals) = postSolution
		SolutionGuid = {9C16DF3C-180B-4DCA-82D9-F87BAB7E2F18}
	EndGlobalSection
EndGlobal
